
Microsoft Visual Studio Solution File, Format Version 12.00
# Visual Studio Version 16
VisualStudioVersion = 16.0.29519.87
MinimumVisualStudioVersion = 10.0.40219.1
Project("{FAE04EC0-301F-11D3-BF4B-00C04F79EFBC}") = "MyChat", "MyChat\MyChat.csproj", "{896D9F08-F870-4062-922B-B34CFB53B168}"
EndProject
Global
	GlobalSection(SolutionConfigurationPlatforms) = preSolution
		Debug|Any CPU = Debug|Any CPU
		Debug|x64 = Debug|x64
		Release|Any CPU = Release|Any CPU
		Release|x64 = Release|x64
	EndGlobalSection
	GlobalSection(ProjectConfigurationPlatforms) = postSolution
		{896D9F08-F870-4062-922B-B34CFB53B168}.Debug|Any CPU.ActiveCfg = Debug|Any CPU
		{896D9F08-F870-4062-922B-B34CFB53B168}.Debug|Any CPU.Build.0 = Debug|Any CPU
		{896D9F08-F870-4062-922B-B34CFB53B168}.Debug|x64.ActiveCfg = Debug|x64
		{896D9F08-F870-4062-922B-B34CFB53B168}.Debug|x64.Build.0 = Debug|x64
		{896D9F08-F870-4062-922B-B34CFB53B168}.Release|Any CPU.ActiveCfg = Release|Any CPU
		{896D9F08-F870-4062-922B-B34CFB53B168}.Release|Any CPU.Build.0 = Release|Any CPU
		{896D9F08-F870-4062-922B-B34CFB53B168}.Release|x64.ActiveCfg = Release|x64
		{896D9F08-F870-4062-922B-B34CFB53B168}.Release|x64.Build.0 = Release|x64
	EndGlobalSection
	GlobalSection(SolutionProperties) = preSolution
		HideSolutionNode = FALSE
	EndGlobalSection
	GlobalSection(ExtensibilityGlobals) = postSolution
		SolutionGuid = {7772BC9B-E41C-4DAD-8199-C7979D7B9A7E}
	EndGlobalSection
EndGlobal
